
Microsoft Visual Studio Solution File, Format Version 12.00
# Visual Studio Version 17
VisualStudioVersion = 17.4.33213.308
MinimumVisualStudioVersion = 10.0.40219.1
Project("{FAE04EC0-301F-11D3-BF4B-00C04F79EFBC}") = "NZWalks_Api", "NZWalks_Api\NZWalks_Api.csproj", "{CFAA1C4F-F77B-4FF2-B08F-966C423174A5}"
EndProject
Global
	GlobalSection(SolutionConfigurationPlatforms) = preSolution
		Debug|Any CPU = Debug|Any CPU
		Release|Any CPU = Release|Any CPU
	EndGlobalSection
	GlobalSection(ProjectConfigurationPlatforms) = postSolution
		{CFAA1C4F-F77B-4FF2-B08F-966C423174A5}.Debug|Any CPU.ActiveCfg = Debug|Any CPU
		{CFAA1C4F-F77B-4FF2-B08F-966C423174A5}.Debug|Any CPU.Build.0 = Debug|Any CPU
		{CFAA1C4F-F77B-4FF2-B08F-966C423174A5}.Release|Any CPU.ActiveCfg = Release|Any CPU
		{CFAA1C4F-F77B-4FF2-B08F-966C423174A5}.Release|Any CPU.Build.0 = Release|Any CPU
	EndGlobalSection
	GlobalSection(SolutionProperties) = preSolution
		HideSolutionNode = FALSE
	EndGlobalSection
	GlobalSection(ExtensibilityGlobals) = postSolution
		SolutionGuid = {FD3E8D3E-3673-4341-A2A0-75793EE207EF}
	EndGlobalSection
EndGlobal
